
Microsoft Visual Studio Solution File, Format Version 12.00
# Visual Studio Version 16
VisualStudioVersion = 16.0.31313.79
MinimumVisualStudioVersion = 10.0.40219.1
Project("{9A19103F-16F7-4668-BE54-9A1E7A4F7556}") = "chnasm", "chnasm.csproj", "{D1D767D6-E510-4F0C-9494-F03619DAA6E5}"
EndProject
Project("{2150E333-8FDC-42A3-9474-1A3956D46DE8}") = "Solution Items", "Solution Items", "{2959A2FC-07DA-403D-8F16-EF435DB3EF8D}"
	ProjectSection(SolutionItems) = preProject
		.editorconfig = .editorconfig
	EndProjectSection
EndProject
Global
	GlobalSection(SolutionConfigurationPlatforms) = preSolution
		Debug|Any CPU = Debug|Any CPU
		Release|Any CPU = Release|Any CPU
	EndGlobalSection
	GlobalSection(ProjectConfigurationPlatforms) = postSolution
		{D1D767D6-E510-4F0C-9494-F03619DAA6E5}.Debug|Any CPU.ActiveCfg = Debug|Any CPU
		{D1D767D6-E510-4F0C-9494-F03619DAA6E5}.Debug|Any CPU.Build.0 = Debug|Any CPU
		{D1D767D6-E510-4F0C-9494-F03619DAA6E5}.Release|Any CPU.ActiveCfg = Release|Any CPU
		{D1D767D6-E510-4F0C-9494-F03619DAA6E5}.Release|Any CPU.Build.0 = Release|Any CPU
	EndGlobalSection
	GlobalSection(SolutionProperties) = preSolution
		HideSolutionNode = FALSE
	EndGlobalSection
	GlobalSection(ExtensibilityGlobals) = postSolution
		SolutionGuid = {5D91BB0E-A6E8-4AFB-B852-EEB59BF4A6E4}
	EndGlobalSection
EndGlobal
